
Microsoft Visual Studio Solution File, Format Version 12.00
Project("{2150E333-8FDC-42A3-9474-1A3956D46DE8}") = "src", "src", "{320C8873-ED97-4465-BDC9-2F94D647FFF4}"
EndProject
Project("{2150E333-8FDC-42A3-9474-1A3956D46DE8}") = "tests", "tests", "{572BA32E-604D-4D15-B150-03C31633B407}"
EndProject
Project("{FAE04EC0-301F-11D3-BF4B-00C04F79EFBC}") = "Application", "src\Application\Application.csproj", "{5C97F9BD-3C63-4668-948A-7FEC49C97278}"
EndProject
Project("{FAE04EC0-301F-11D3-BF4B-00C04F79EFBC}") = "Domain", "src\Domain\Domain.csproj", "{24AF8A48-C342-475A-8AAB-560DED2F275F}"
EndProject
Project("{FAE04EC0-301F-11D3-BF4B-00C04F79EFBC}") = "Infrastructure", "src\Infrastructure\Infrastructure.csproj", "{8D4585D6-0148-412A-8A89-4DEC0E8AACBF}"
EndProject
Project("{FAE04EC0-301F-11D3-BF4B-00C04F79EFBC}") = "WebUI", "src\WebUI\WebUI.csproj", "{5041A8C4-538A-4885-9FEF-08DE9882B24B}"
EndProject
Project("{FAE04EC0-301F-11D3-BF4B-00C04F79EFBC}") = "AGG.IntegrationTests", "tests\AGG.IntegrationTests\AGG.IntegrationTests.csproj", "{0C90EAA6-1D9F-4B27-BFE0-308C04AFE180}"
EndProject
Global
	GlobalSection(SolutionConfigurationPlatforms) = preSolution
		Debug|Any CPU = Debug|Any CPU
		Release|Any CPU = Release|Any CPU
	EndGlobalSection
	GlobalSection(ProjectConfigurationPlatforms) = postSolution
		{5C97F9BD-3C63-4668-948A-7FEC49C97278}.Debug|Any CPU.ActiveCfg = Debug|Any CPU
		{5C97F9BD-3C63-4668-948A-7FEC49C97278}.Debug|Any CPU.Build.0 = Debug|Any CPU
		{5C97F9BD-3C63-4668-948A-7FEC49C97278}.Release|Any CPU.ActiveCfg = Release|Any CPU
		{5C97F9BD-3C63-4668-948A-7FEC49C97278}.Release|Any CPU.Build.0 = Release|Any CPU
		{24AF8A48-C342-475A-8AAB-560DED2F275F}.Debug|Any CPU.ActiveCfg = Debug|Any CPU
		{24AF8A48-C342-475A-8AAB-560DED2F275F}.Debug|Any CPU.Build.0 = Debug|Any CPU
		{24AF8A48-C342-475A-8AAB-560DED2F275F}.Release|Any CPU.ActiveCfg = Release|Any CPU
		{24AF8A48-C342-475A-8AAB-560DED2F275F}.Release|Any CPU.Build.0 = Release|Any CPU
		{8D4585D6-0148-412A-8A89-4DEC0E8AACBF}.Debug|Any CPU.ActiveCfg = Debug|Any CPU
		{8D4585D6-0148-412A-8A89-4DEC0E8AACBF}.Debug|Any CPU.Build.0 = Debug|Any CPU
		{8D4585D6-0148-412A-8A89-4DEC0E8AACBF}.Release|Any CPU.ActiveCfg = Release|Any CPU
		{8D4585D6-0148-412A-8A89-4DEC0E8AACBF}.Release|Any CPU.Build.0 = Release|Any CPU
		{5041A8C4-538A-4885-9FEF-08DE9882B24B}.Debug|Any CPU.ActiveCfg = Debug|Any CPU
		{5041A8C4-538A-4885-9FEF-08DE9882B24B}.Debug|Any CPU.Build.0 = Debug|Any CPU
		{5041A8C4-538A-4885-9FEF-08DE9882B24B}.Release|Any CPU.ActiveCfg = Release|Any CPU
		{5041A8C4-538A-4885-9FEF-08DE9882B24B}.Release|Any CPU.Build.0 = Release|Any CPU
		{0C90EAA6-1D9F-4B27-BFE0-308C04AFE180}.Debug|Any CPU.ActiveCfg = Debug|Any CPU
		{0C90EAA6-1D9F-4B27-BFE0-308C04AFE180}.Debug|Any CPU.Build.0 = Debug|Any CPU
		{0C90EAA6-1D9F-4B27-BFE0-308C04AFE180}.Release|Any CPU.ActiveCfg = Release|Any CPU
		{0C90EAA6-1D9F-4B27-BFE0-308C04AFE180}.Release|Any CPU.Build.0 = Release|Any CPU
	EndGlobalSection
	GlobalSection(NestedProjects) = preSolution
		{5C97F9BD-3C63-4668-948A-7FEC49C97278} = {320C8873-ED97-4465-BDC9-2F94D647FFF4}
		{24AF8A48-C342-475A-8AAB-560DED2F275F} = {320C8873-ED97-4465-BDC9-2F94D647FFF4}
		{8D4585D6-0148-412A-8A89-4DEC0E8AACBF} = {320C8873-ED97-4465-BDC9-2F94D647FFF4}
		{5041A8C4-538A-4885-9FEF-08DE9882B24B} = {320C8873-ED97-4465-BDC9-2F94D647FFF4}
		{0C90EAA6-1D9F-4B27-BFE0-308C04AFE180} = {572BA32E-604D-4D15-B150-03C31633B407}
	EndGlobalSection
EndGlobal
